
Microsoft Visual Studio Solution File, Format Version 12.00
# Visual Studio 15
VisualStudioVersion = 15.0.26124.0
MinimumVisualStudioVersion = 15.0.26124.0
Project("{9A19103F-16F7-4668-BE54-9A1E7A4F7556}") = "advanced_konfiguration", "advanced_konfiguration.csproj", "{46F6282A-2C65-4A85-B408-FBCD139D1B93}"
EndProject
Project("{9A19103F-16F7-4668-BE54-9A1E7A4F7556}") = "shared", "..\shared\shared.csproj", "{698885D8-A669-406D-882E-91C1A8DC4D14}"
EndProject
Global
	GlobalSection(SolutionConfigurationPlatforms) = preSolution
		Debug|Any CPU = Debug|Any CPU
		Debug|x64 = Debug|x64
		Debug|x86 = Debug|x86
		Release|Any CPU = Release|Any CPU
		Release|x64 = Release|x64
		Release|x86 = Release|x86
	EndGlobalSection
	GlobalSection(ProjectConfigurationPlatforms) = postSolution
		{46F6282A-2C65-4A85-B408-FBCD139D1B93}.Debug|Any CPU.ActiveCfg = Debug|Any CPU
		{46F6282A-2C65-4A85-B408-FBCD139D1B93}.Debug|Any CPU.Build.0 = Debug|Any CPU
		{46F6282A-2C65-4A85-B408-FBCD139D1B93}.Debug|x64.ActiveCfg = Debug|Any CPU
		{46F6282A-2C65-4A85-B408-FBCD139D1B93}.Debug|x64.Build.0 = Debug|Any CPU
		{46F6282A-2C65-4A85-B408-FBCD139D1B93}.Debug|x86.ActiveCfg = Debug|Any CPU
		{46F6282A-2C65-4A85-B408-FBCD139D1B93}.Debug|x86.Build.0 = Debug|Any CPU
		{46F6282A-2C65-4A85-B408-FBCD139D1B93}.Release|Any CPU.ActiveCfg = Release|Any CPU
		{46F6282A-2C65-4A85-B408-FBCD139D1B93}.Release|Any CPU.Build.0 = Release|Any CPU
		{46F6282A-2C65-4A85-B408-FBCD139D1B93}.Release|x64.ActiveCfg = Release|Any CPU
		{46F6282A-2C65-4A85-B408-FBCD139D1B93}.Release|x64.Build.0 = Release|Any CPU
		{46F6282A-2C65-4A85-B408-FBCD139D1B93}.Release|x86.ActiveCfg = Release|Any CPU
		{46F6282A-2C65-4A85-B408-FBCD139D1B93}.Release|x86.Build.0 = Release|Any CPU
		{698885D8-A669-406D-882E-91C1A8DC4D14}.Debug|Any CPU.ActiveCfg = Debug|Any CPU
		{698885D8-A669-406D-882E-91C1A8DC4D14}.Debug|Any CPU.Build.0 = Debug|Any CPU
		{698885D8-A669-406D-882E-91C1A8DC4D14}.Debug|x64.ActiveCfg = Debug|Any CPU
		{698885D8-A669-406D-882E-91C1A8DC4D14}.Debug|x64.Build.0 = Debug|Any CPU
		{698885D8-A669-406D-882E-91C1A8DC4D14}.Debug|x86.ActiveCfg = Debug|Any CPU
		{698885D8-A669-406D-882E-91C1A8DC4D14}.Debug|x86.Build.0 = Debug|Any CPU
		{698885D8-A669-406D-882E-91C1A8DC4D14}.Release|Any CPU.ActiveCfg = Release|Any CPU
		{698885D8-A669-406D-882E-91C1A8DC4D14}.Release|Any CPU.Build.0 = Release|Any CPU
		{698885D8-A669-406D-882E-91C1A8DC4D14}.Release|x64.ActiveCfg = Release|Any CPU
		{698885D8-A669-406D-882E-91C1A8DC4D14}.Release|x64.Build.0 = Release|Any CPU
		{698885D8-A669-406D-882E-91C1A8DC4D14}.Release|x86.ActiveCfg = Release|Any CPU
		{698885D8-A669-406D-882E-91C1A8DC4D14}.Release|x86.Build.0 = Release|Any CPU
	EndGlobalSection
	GlobalSection(SolutionProperties) = preSolution
		HideSolutionNode = FALSE
	EndGlobalSection
	GlobalSection(ExtensibilityGlobals) = postSolution
		SolutionGuid = {BBC43834-43CD-4549-A36C-30B621DDA1DD}
	EndGlobalSection
EndGlobal
